
Microsoft Visual Studio Solution File, Format Version 12.00
# Visual Studio Version 17
VisualStudioVersion = 17.14.36623.8 d17.14
MinimumVisualStudioVersion = 10.0.40219.1
Project("{FAE04EC0-301F-11D3-BF4B-00C04F79EFBC}") = "Zoologico.Modelos.Tarea", "Zoologico.Modelos.Tarea\Zoologico.Modelos.Tarea.csproj", "{7E50B47B-954B-4506-9C45-6D901A2D532D}"
EndProject
Project("{FAE04EC0-301F-11D3-BF4B-00C04F79EFBC}") = "Zoologico.API", "Zoologico.API\Zoologico.API.csproj", "{460ED9F0-1979-4EAC-A81E-A04A60084448}"
EndProject
Project("{FAE04EC0-301F-11D3-BF4B-00C04F79EFBC}") = "Zoologico.ApiTest", "Zoologico.ApiTest\Zoologico.ApiTest.csproj", "{D45F5873-57FA-4E67-B046-02896E36FD4A}"
EndProject
Project("{2150E333-8FDC-42A3-9474-1A3956D46DE8}") = "Elementos de la solución", "Elementos de la solución", "{D107F4C8-89CC-BEA8-D3D7-CA6B7733353D}"
	ProjectSection(SolutionItems) = preProject
		Dockerfile = Dockerfile
	EndProjectSection
EndProject
Global
	GlobalSection(SolutionConfigurationPlatforms) = preSolution
		Debug|Any CPU = Debug|Any CPU
		Release|Any CPU = Release|Any CPU
	EndGlobalSection
	GlobalSection(ProjectConfigurationPlatforms) = postSolution
		{7E50B47B-954B-4506-9C45-6D901A2D532D}.Debug|Any CPU.ActiveCfg = Debug|Any CPU
		{7E50B47B-954B-4506-9C45-6D901A2D532D}.Debug|Any CPU.Build.0 = Debug|Any CPU
		{7E50B47B-954B-4506-9C45-6D901A2D532D}.Release|Any CPU.ActiveCfg = Release|Any CPU
		{7E50B47B-954B-4506-9C45-6D901A2D532D}.Release|Any CPU.Build.0 = Release|Any CPU
		{460ED9F0-1979-4EAC-A81E-A04A60084448}.Debug|Any CPU.ActiveCfg = Debug|Any CPU
		{460ED9F0-1979-4EAC-A81E-A04A60084448}.Debug|Any CPU.Build.0 = Debug|Any CPU
		{460ED9F0-1979-4EAC-A81E-A04A60084448}.Release|Any CPU.ActiveCfg = Release|Any CPU
		{460ED9F0-1979-4EAC-A81E-A04A60084448}.Release|Any CPU.Build.0 = Release|Any CPU
		{D45F5873-57FA-4E67-B046-02896E36FD4A}.Debug|Any CPU.ActiveCfg = Debug|Any CPU
		{D45F5873-57FA-4E67-B046-02896E36FD4A}.Debug|Any CPU.Build.0 = Debug|Any CPU
		{D45F5873-57FA-4E67-B046-02896E36FD4A}.Release|Any CPU.ActiveCfg = Release|Any CPU
		{D45F5873-57FA-4E67-B046-02896E36FD4A}.Release|Any CPU.Build.0 = Release|Any CPU
	EndGlobalSection
	GlobalSection(SolutionProperties) = preSolution
		HideSolutionNode = FALSE
	EndGlobalSection
	GlobalSection(ExtensibilityGlobals) = postSolution
		SolutionGuid = {E45EECA9-A9FB-4B14-BF8A-56A7F3F3C787}
	EndGlobalSection
EndGlobal
